
Microsoft Visual Studio Solution File, Format Version 12.00
# Visual Studio 15
Project("{FAE04EC0-301F-11D3-BF4B-00C04F79EFBC}") = "Assembly-CSharp", "Assembly-CSharp.csproj", "{207BEDE2-96B9-7587-573B-6FC9675C25D5}"
EndProject
Project("{FAE04EC0-301F-11D3-BF4B-00C04F79EFBC}") = "Oculus.VR", "Oculus.VR.csproj", "{89D1EEF6-3B6C-9D51-0705-DFFBBCD9C505}"
EndProject
Project("{FAE04EC0-301F-11D3-BF4B-00C04F79EFBC}") = "Assembly-CSharp-Editor", "Assembly-CSharp-Editor.csproj", "{CF524C5C-5415-9E97-7467-3FF2A688D6A2}"
EndProject
Project("{FAE04EC0-301F-11D3-BF4B-00C04F79EFBC}") = "Oculus.VR.Scripts.Editor", "Oculus.VR.Scripts.Editor.csproj", "{64A80B83-233A-3346-2541-AC72498F14FC}"
EndProject
Project("{FAE04EC0-301F-11D3-BF4B-00C04F79EFBC}") = "Oculus.VR.Editor", "Oculus.VR.Editor.csproj", "{D6F66047-0F8B-7C70-2EE3-58A8071089D9}"
EndProject
Global
	GlobalSection(SolutionConfigurationPlatforms) = preSolution
		Debug|Any CPU = Debug|Any CPU
		Release|Any CPU = Release|Any CPU
	EndGlobalSection
	GlobalSection(ProjectConfigurationPlatforms) = postSolution
		{207BEDE2-96B9-7587-573B-6FC9675C25D5}.Debug|Any CPU.ActiveCfg = Debug|Any CPU
		{207BEDE2-96B9-7587-573B-6FC9675C25D5}.Debug|Any CPU.Build.0 = Debug|Any CPU
		{207BEDE2-96B9-7587-573B-6FC9675C25D5}.Release|Any CPU.ActiveCfg = Release|Any CPU
		{207BEDE2-96B9-7587-573B-6FC9675C25D5}.Release|Any CPU.Build.0 = Release|Any CPU
		{89D1EEF6-3B6C-9D51-0705-DFFBBCD9C505}.Debug|Any CPU.ActiveCfg = Debug|Any CPU
		{89D1EEF6-3B6C-9D51-0705-DFFBBCD9C505}.Debug|Any CPU.Build.0 = Debug|Any CPU
		{89D1EEF6-3B6C-9D51-0705-DFFBBCD9C505}.Release|Any CPU.ActiveCfg = Release|Any CPU
		{89D1EEF6-3B6C-9D51-0705-DFFBBCD9C505}.Release|Any CPU.Build.0 = Release|Any CPU
		{CF524C5C-5415-9E97-7467-3FF2A688D6A2}.Debug|Any CPU.ActiveCfg = Debug|Any CPU
		{CF524C5C-5415-9E97-7467-3FF2A688D6A2}.Debug|Any CPU.Build.0 = Debug|Any CPU
		{CF524C5C-5415-9E97-7467-3FF2A688D6A2}.Release|Any CPU.ActiveCfg = Release|Any CPU
		{CF524C5C-5415-9E97-7467-3FF2A688D6A2}.Release|Any CPU.Build.0 = Release|Any CPU
		{64A80B83-233A-3346-2541-AC72498F14FC}.Debug|Any CPU.ActiveCfg = Debug|Any CPU
		{64A80B83-233A-3346-2541-AC72498F14FC}.Debug|Any CPU.Build.0 = Debug|Any CPU
		{64A80B83-233A-3346-2541-AC72498F14FC}.Release|Any CPU.ActiveCfg = Release|Any CPU
		{64A80B83-233A-3346-2541-AC72498F14FC}.Release|Any CPU.Build.0 = Release|Any CPU
		{D6F66047-0F8B-7C70-2EE3-58A8071089D9}.Debug|Any CPU.ActiveCfg = Debug|Any CPU
		{D6F66047-0F8B-7C70-2EE3-58A8071089D9}.Debug|Any CPU.Build.0 = Debug|Any CPU
		{D6F66047-0F8B-7C70-2EE3-58A8071089D9}.Release|Any CPU.ActiveCfg = Release|Any CPU
		{D6F66047-0F8B-7C70-2EE3-58A8071089D9}.Release|Any CPU.Build.0 = Release|Any CPU
	EndGlobalSection
	GlobalSection(SolutionProperties) = preSolution
		HideSolutionNode = FALSE
	EndGlobalSection
EndGlobal
