
Microsoft Visual Studio Solution File, Format Version 12.00
# Visual Studio 15
Project("{FAE04EC0-301F-11D3-BF4B-00C04F79EFBC}") = "UnityEngine.UI", "UnityEngine.UI.csproj", "{71B0FE86-7824-E246-33FC-31248BB39482}"
EndProject
Project("{FAE04EC0-301F-11D3-BF4B-00C04F79EFBC}") = "UnityEngine.TestRunner", "UnityEngine.TestRunner.csproj", "{B2D68C4D-9C0E-E6AC-551E-DC7ADE43BDCC}"
EndProject
Project("{FAE04EC0-301F-11D3-BF4B-00C04F79EFBC}") = "Assembly-CSharp", "Assembly-CSharp.csproj", "{DA5A6F7A-36B3-510E-05D9-0192C6E54270}"
EndProject
Project("{FAE04EC0-301F-11D3-BF4B-00C04F79EFBC}") = "com.unity.multiplayer-hlapi.Runtime", "com.unity.multiplayer-hlapi.Runtime.csproj", "{7A8BEA36-4E74-86CD-A614-B5098AA53885}"
EndProject
Project("{FAE04EC0-301F-11D3-BF4B-00C04F79EFBC}") = "Unity.TextMeshPro", "Unity.TextMeshPro.csproj", "{098EE439-E871-2F24-9A1E-8C4ABC2DC7C7}"
EndProject
Project("{FAE04EC0-301F-11D3-BF4B-00C04F79EFBC}") = "Unity.Timeline", "Unity.Timeline.csproj", "{F70D598F-9212-334C-F6D9-EC2E11092840}"
EndProject
Project("{FAE04EC0-301F-11D3-BF4B-00C04F79EFBC}") = "Oculus.VR", "Oculus.VR.csproj", "{66576495-030C-EDDF-5933-1AF2CDF9505E}"
EndProject
Project("{FAE04EC0-301F-11D3-BF4B-00C04F79EFBC}") = "UnityEngine.Purchasing", "UnityEngine.Purchasing.csproj", "{F3200450-9CF8-DF31-AF2D-2F101AB7CBEC}"
EndProject
Project("{FAE04EC0-301F-11D3-BF4B-00C04F79EFBC}") = "UnityEngine.Advertisements", "UnityEngine.Advertisements.csproj", "{1365254D-F446-DC80-666C-7D5F541DA713}"
EndProject
Project("{FAE04EC0-301F-11D3-BF4B-00C04F79EFBC}") = "Unity.Analytics.DataPrivacy", "Unity.Analytics.DataPrivacy.csproj", "{0F3B0ADE-B0FF-0D1A-2D01-36687CD69327}"
EndProject
Project("{FAE04EC0-301F-11D3-BF4B-00C04F79EFBC}") = "UnityEngine.Monetization", "UnityEngine.Monetization.csproj", "{047936E5-264A-F265-49DF-B9F17DFBAF59}"
EndProject
Project("{FAE04EC0-301F-11D3-BF4B-00C04F79EFBC}") = "UnityEditor.TestRunner", "UnityEditor.TestRunner.csproj", "{36EA057E-1CE4-FE65-9848-5188CB306083}"
EndProject
Project("{FAE04EC0-301F-11D3-BF4B-00C04F79EFBC}") = "Unity.TextMeshPro.Editor", "Unity.TextMeshPro.Editor.csproj", "{746DACB7-E4DD-68E3-D18E-37669DBBC3DA}"
EndProject
Project("{FAE04EC0-301F-11D3-BF4B-00C04F79EFBC}") = "Unity.Timeline.Editor", "Unity.Timeline.Editor.csproj", "{6C9CB2BD-6A85-FC06-5A80-ED735A910F1F}"
EndProject
Project("{FAE04EC0-301F-11D3-BF4B-00C04F79EFBC}") = "Assembly-CSharp-Editor", "Assembly-CSharp-Editor.csproj", "{5FC38E43-44C9-0394-3B00-8BBB87AFEC67}"
EndProject
Project("{FAE04EC0-301F-11D3-BF4B-00C04F79EFBC}") = "Unity.2D.Sprite.Editor", "Unity.2D.Sprite.Editor.csproj", "{9C97A0BC-1186-2293-7D9F-2EC9591E4037}"
EndProject
Project("{FAE04EC0-301F-11D3-BF4B-00C04F79EFBC}") = "com.unity.multiplayer-hlapi.Editor", "com.unity.multiplayer-hlapi.Editor.csproj", "{2D1178CF-C390-93FE-527B-C0364300B81B}"
EndProject
Project("{FAE04EC0-301F-11D3-BF4B-00C04F79EFBC}") = "UnityEditor.UI", "UnityEditor.UI.csproj", "{BCA07D23-6816-089C-8AD7-599D2327E3E6}"
EndProject
Project("{FAE04EC0-301F-11D3-BF4B-00C04F79EFBC}") = "Oculus.VR.Scripts.Editor", "Oculus.VR.Scripts.Editor.csproj", "{95A173BB-E1CF-6702-E1F6-E0C34B0ED205}"
EndProject
Project("{FAE04EC0-301F-11D3-BF4B-00C04F79EFBC}") = "Oculus.VR.Editor", "Oculus.VR.Editor.csproj", "{344101D7-C357-3572-0607-24DC3CD9A017}"
EndProject
Project("{FAE04EC0-301F-11D3-BF4B-00C04F79EFBC}") = "Unity.Rider.Editor", "Unity.Rider.Editor.csproj", "{81E68C55-DDEC-28CD-1211-68508FBC8B5F}"
EndProject
Project("{FAE04EC0-301F-11D3-BF4B-00C04F79EFBC}") = "Unity.2D.Tilemap.Editor", "Unity.2D.Tilemap.Editor.csproj", "{5836223E-68D0-06CF-CC7E-251C12B81A03}"
EndProject
Project("{FAE04EC0-301F-11D3-BF4B-00C04F79EFBC}") = "UnityEngine.Advertisements.Editor", "UnityEngine.Advertisements.Editor.csproj", "{3F3FE49B-F84A-8B85-8694-CC4F2902C1C3}"
EndProject
Project("{FAE04EC0-301F-11D3-BF4B-00C04F79EFBC}") = "Unity.CollabProxy.Editor", "Unity.CollabProxy.Editor.csproj", "{A127DE53-386E-B4CF-7E23-A92312275946}"
EndProject
Project("{FAE04EC0-301F-11D3-BF4B-00C04F79EFBC}") = "Unity.XR.Oculus.Editor", "Unity.XR.Oculus.Editor.csproj", "{B7514B29-0D32-772B-16EA-A14AEA9E9A9E}"
EndProject
Project("{FAE04EC0-301F-11D3-BF4B-00C04F79EFBC}") = "com.unity.multiplayer-weaver.Editor", "com.unity.multiplayer-weaver.Editor.csproj", "{D3B4C673-3E10-750F-4539-9B2B786ED809}"
EndProject
Project("{FAE04EC0-301F-11D3-BF4B-00C04F79EFBC}") = "Unity.VSCode.Editor", "Unity.VSCode.Editor.csproj", "{4614C80E-193D-C497-36DF-C82BB6C88D64}"
EndProject
Project("{FAE04EC0-301F-11D3-BF4B-00C04F79EFBC}") = "UnityEditor.Purchasing", "UnityEditor.Purchasing.csproj", "{3135C0C5-00AC-2693-1C01-707BCAF01C41}"
EndProject
Project("{FAE04EC0-301F-11D3-BF4B-00C04F79EFBC}") = "Assembly-CSharp.Player", "Assembly-CSharp.Player.csproj", "{6066E543-6188-A440-E372-875A7F02E00F}"
EndProject
Project("{FAE04EC0-301F-11D3-BF4B-00C04F79EFBC}") = "Oculus.VR.Player", "Oculus.VR.Player.csproj", "{102AD49C-08AB-2A1A-E90B-57D8634AE748}"
EndProject
Global
	GlobalSection(SolutionConfigurationPlatforms) = preSolution
		Debug|Any CPU = Debug|Any CPU
		Release|Any CPU = Release|Any CPU
	EndGlobalSection
	GlobalSection(ProjectConfigurationPlatforms) = postSolution
		{71B0FE86-7824-E246-33FC-31248BB39482}.Debug|Any CPU.ActiveCfg = Debug|Any CPU
		{71B0FE86-7824-E246-33FC-31248BB39482}.Debug|Any CPU.Build.0 = Debug|Any CPU
		{71B0FE86-7824-E246-33FC-31248BB39482}.Release|Any CPU.ActiveCfg = Release|Any CPU
		{71B0FE86-7824-E246-33FC-31248BB39482}.Release|Any CPU.Build.0 = Release|Any CPU
		{B2D68C4D-9C0E-E6AC-551E-DC7ADE43BDCC}.Debug|Any CPU.ActiveCfg = Debug|Any CPU
		{B2D68C4D-9C0E-E6AC-551E-DC7ADE43BDCC}.Debug|Any CPU.Build.0 = Debug|Any CPU
		{B2D68C4D-9C0E-E6AC-551E-DC7ADE43BDCC}.Release|Any CPU.ActiveCfg = Release|Any CPU
		{B2D68C4D-9C0E-E6AC-551E-DC7ADE43BDCC}.Release|Any CPU.Build.0 = Release|Any CPU
		{DA5A6F7A-36B3-510E-05D9-0192C6E54270}.Debug|Any CPU.ActiveCfg = Debug|Any CPU
		{DA5A6F7A-36B3-510E-05D9-0192C6E54270}.Debug|Any CPU.Build.0 = Debug|Any CPU
		{DA5A6F7A-36B3-510E-05D9-0192C6E54270}.Release|Any CPU.ActiveCfg = Release|Any CPU
		{DA5A6F7A-36B3-510E-05D9-0192C6E54270}.Release|Any CPU.Build.0 = Release|Any CPU
		{7A8BEA36-4E74-86CD-A614-B5098AA53885}.Debug|Any CPU.ActiveCfg = Debug|Any CPU
		{7A8BEA36-4E74-86CD-A614-B5098AA53885}.Debug|Any CPU.Build.0 = Debug|Any CPU
		{7A8BEA36-4E74-86CD-A614-B5098AA53885}.Release|Any CPU.ActiveCfg = Release|Any CPU
		{7A8BEA36-4E74-86CD-A614-B5098AA53885}.Release|Any CPU.Build.0 = Release|Any CPU
		{098EE439-E871-2F24-9A1E-8C4ABC2DC7C7}.Debug|Any CPU.ActiveCfg = Debug|Any CPU
		{098EE439-E871-2F24-9A1E-8C4ABC2DC7C7}.Debug|Any CPU.Build.0 = Debug|Any CPU
		{098EE439-E871-2F24-9A1E-8C4ABC2DC7C7}.Release|Any CPU.ActiveCfg = Release|Any CPU
		{098EE439-E871-2F24-9A1E-8C4ABC2DC7C7}.Release|Any CPU.Build.0 = Release|Any CPU
		{F70D598F-9212-334C-F6D9-EC2E11092840}.Debug|Any CPU.ActiveCfg = Debug|Any CPU
		{F70D598F-9212-334C-F6D9-EC2E11092840}.Debug|Any CPU.Build.0 = Debug|Any CPU
		{F70D598F-9212-334C-F6D9-EC2E11092840}.Release|Any CPU.ActiveCfg = Release|Any CPU
		{F70D598F-9212-334C-F6D9-EC2E11092840}.Release|Any CPU.Build.0 = Release|Any CPU
		{66576495-030C-EDDF-5933-1AF2CDF9505E}.Debug|Any CPU.ActiveCfg = Debug|Any CPU
		{66576495-030C-EDDF-5933-1AF2CDF9505E}.Debug|Any CPU.Build.0 = Debug|Any CPU
		{66576495-030C-EDDF-5933-1AF2CDF9505E}.Release|Any CPU.ActiveCfg = Release|Any CPU
		{66576495-030C-EDDF-5933-1AF2CDF9505E}.Release|Any CPU.Build.0 = Release|Any CPU
		{F3200450-9CF8-DF31-AF2D-2F101AB7CBEC}.Debug|Any CPU.ActiveCfg = Debug|Any CPU
		{F3200450-9CF8-DF31-AF2D-2F101AB7CBEC}.Debug|Any CPU.Build.0 = Debug|Any CPU
		{F3200450-9CF8-DF31-AF2D-2F101AB7CBEC}.Release|Any CPU.ActiveCfg = Release|Any CPU
		{F3200450-9CF8-DF31-AF2D-2F101AB7CBEC}.Release|Any CPU.Build.0 = Release|Any CPU
		{1365254D-F446-DC80-666C-7D5F541DA713}.Debug|Any CPU.ActiveCfg = Debug|Any CPU
		{1365254D-F446-DC80-666C-7D5F541DA713}.Debug|Any CPU.Build.0 = Debug|Any CPU
		{1365254D-F446-DC80-666C-7D5F541DA713}.Release|Any CPU.ActiveCfg = Release|Any CPU
		{1365254D-F446-DC80-666C-7D5F541DA713}.Release|Any CPU.Build.0 = Release|Any CPU
		{0F3B0ADE-B0FF-0D1A-2D01-36687CD69327}.Debug|Any CPU.ActiveCfg = Debug|Any CPU
		{0F3B0ADE-B0FF-0D1A-2D01-36687CD69327}.Debug|Any CPU.Build.0 = Debug|Any CPU
		{0F3B0ADE-B0FF-0D1A-2D01-36687CD69327}.Release|Any CPU.ActiveCfg = Release|Any CPU
		{0F3B0ADE-B0FF-0D1A-2D01-36687CD69327}.Release|Any CPU.Build.0 = Release|Any CPU
		{047936E5-264A-F265-49DF-B9F17DFBAF59}.Debug|Any CPU.ActiveCfg = Debug|Any CPU
		{047936E5-264A-F265-49DF-B9F17DFBAF59}.Debug|Any CPU.Build.0 = Debug|Any CPU
		{047936E5-264A-F265-49DF-B9F17DFBAF59}.Release|Any CPU.ActiveCfg = Release|Any CPU
		{047936E5-264A-F265-49DF-B9F17DFBAF59}.Release|Any CPU.Build.0 = Release|Any CPU
		{36EA057E-1CE4-FE65-9848-5188CB306083}.Debug|Any CPU.ActiveCfg = Debug|Any CPU
		{36EA057E-1CE4-FE65-9848-5188CB306083}.Debug|Any CPU.Build.0 = Debug|Any CPU
		{36EA057E-1CE4-FE65-9848-5188CB306083}.Release|Any CPU.ActiveCfg = Release|Any CPU
		{36EA057E-1CE4-FE65-9848-5188CB306083}.Release|Any CPU.Build.0 = Release|Any CPU
		{746DACB7-E4DD-68E3-D18E-37669DBBC3DA}.Debug|Any CPU.ActiveCfg = Debug|Any CPU
		{746DACB7-E4DD-68E3-D18E-37669DBBC3DA}.Debug|Any CPU.Build.0 = Debug|Any CPU
		{746DACB7-E4DD-68E3-D18E-37669DBBC3DA}.Release|Any CPU.ActiveCfg = Release|Any CPU
		{746DACB7-E4DD-68E3-D18E-37669DBBC3DA}.Release|Any CPU.Build.0 = Release|Any CPU
		{6C9CB2BD-6A85-FC06-5A80-ED735A910F1F}.Debug|Any CPU.ActiveCfg = Debug|Any CPU
		{6C9CB2BD-6A85-FC06-5A80-ED735A910F1F}.Debug|Any CPU.Build.0 = Debug|Any CPU
		{6C9CB2BD-6A85-FC06-5A80-ED735A910F1F}.Release|Any CPU.ActiveCfg = Release|Any CPU
		{6C9CB2BD-6A85-FC06-5A80-ED735A910F1F}.Release|Any CPU.Build.0 = Release|Any CPU
		{5FC38E43-44C9-0394-3B00-8BBB87AFEC67}.Debug|Any CPU.ActiveCfg = Debug|Any CPU
		{5FC38E43-44C9-0394-3B00-8BBB87AFEC67}.Debug|Any CPU.Build.0 = Debug|Any CPU
		{5FC38E43-44C9-0394-3B00-8BBB87AFEC67}.Release|Any CPU.ActiveCfg = Release|Any CPU
		{5FC38E43-44C9-0394-3B00-8BBB87AFEC67}.Release|Any CPU.Build.0 = Release|Any CPU
		{9C97A0BC-1186-2293-7D9F-2EC9591E4037}.Debug|Any CPU.ActiveCfg = Debug|Any CPU
		{9C97A0BC-1186-2293-7D9F-2EC9591E4037}.Debug|Any CPU.Build.0 = Debug|Any CPU
		{9C97A0BC-1186-2293-7D9F-2EC9591E4037}.Release|Any CPU.ActiveCfg = Release|Any CPU
		{9C97A0BC-1186-2293-7D9F-2EC9591E4037}.Release|Any CPU.Build.0 = Release|Any CPU
		{2D1178CF-C390-93FE-527B-C0364300B81B}.Debug|Any CPU.ActiveCfg = Debug|Any CPU
		{2D1178CF-C390-93FE-527B-C0364300B81B}.Debug|Any CPU.Build.0 = Debug|Any CPU
		{2D1178CF-C390-93FE-527B-C0364300B81B}.Release|Any CPU.ActiveCfg = Release|Any CPU
		{2D1178CF-C390-93FE-527B-C0364300B81B}.Release|Any CPU.Build.0 = Release|Any CPU
		{BCA07D23-6816-089C-8AD7-599D2327E3E6}.Debug|Any CPU.ActiveCfg = Debug|Any CPU
		{BCA07D23-6816-089C-8AD7-599D2327E3E6}.Debug|Any CPU.Build.0 = Debug|Any CPU
		{BCA07D23-6816-089C-8AD7-599D2327E3E6}.Release|Any CPU.ActiveCfg = Release|Any CPU
		{BCA07D23-6816-089C-8AD7-599D2327E3E6}.Release|Any CPU.Build.0 = Release|Any CPU
		{95A173BB-E1CF-6702-E1F6-E0C34B0ED205}.Debug|Any CPU.ActiveCfg = Debug|Any CPU
		{95A173BB-E1CF-6702-E1F6-E0C34B0ED205}.Debug|Any CPU.Build.0 = Debug|Any CPU
		{95A173BB-E1CF-6702-E1F6-E0C34B0ED205}.Release|Any CPU.ActiveCfg = Release|Any CPU
		{95A173BB-E1CF-6702-E1F6-E0C34B0ED205}.Release|Any CPU.Build.0 = Release|Any CPU
		{344101D7-C357-3572-0607-24DC3CD9A017}.Debug|Any CPU.ActiveCfg = Debug|Any CPU
		{344101D7-C357-3572-0607-24DC3CD9A017}.Debug|Any CPU.Build.0 = Debug|Any CPU
		{344101D7-C357-3572-0607-24DC3CD9A017}.Release|Any CPU.ActiveCfg = Release|Any CPU
		{344101D7-C357-3572-0607-24DC3CD9A017}.Release|Any CPU.Build.0 = Release|Any CPU
		{81E68C55-DDEC-28CD-1211-68508FBC8B5F}.Debug|Any CPU.ActiveCfg = Debug|Any CPU
		{81E68C55-DDEC-28CD-1211-68508FBC8B5F}.Debug|Any CPU.Build.0 = Debug|Any CPU
		{81E68C55-DDEC-28CD-1211-68508FBC8B5F}.Release|Any CPU.ActiveCfg = Release|Any CPU
		{81E68C55-DDEC-28CD-1211-68508FBC8B5F}.Release|Any CPU.Build.0 = Release|Any CPU
		{5836223E-68D0-06CF-CC7E-251C12B81A03}.Debug|Any CPU.ActiveCfg = Debug|Any CPU
		{5836223E-68D0-06CF-CC7E-251C12B81A03}.Debug|Any CPU.Build.0 = Debug|Any CPU
		{5836223E-68D0-06CF-CC7E-251C12B81A03}.Release|Any CPU.ActiveCfg = Release|Any CPU
		{5836223E-68D0-06CF-CC7E-251C12B81A03}.Release|Any CPU.Build.0 = Release|Any CPU
		{3F3FE49B-F84A-8B85-8694-CC4F2902C1C3}.Debug|Any CPU.ActiveCfg = Debug|Any CPU
		{3F3FE49B-F84A-8B85-8694-CC4F2902C1C3}.Debug|Any CPU.Build.0 = Debug|Any CPU
		{3F3FE49B-F84A-8B85-8694-CC4F2902C1C3}.Release|Any CPU.ActiveCfg = Release|Any CPU
		{3F3FE49B-F84A-8B85-8694-CC4F2902C1C3}.Release|Any CPU.Build.0 = Release|Any CPU
		{A127DE53-386E-B4CF-7E23-A92312275946}.Debug|Any CPU.ActiveCfg = Debug|Any CPU
		{A127DE53-386E-B4CF-7E23-A92312275946}.Debug|Any CPU.Build.0 = Debug|Any CPU
		{A127DE53-386E-B4CF-7E23-A92312275946}.Release|Any CPU.ActiveCfg = Release|Any CPU
		{A127DE53-386E-B4CF-7E23-A92312275946}.Release|Any CPU.Build.0 = Release|Any CPU
		{B7514B29-0D32-772B-16EA-A14AEA9E9A9E}.Debug|Any CPU.ActiveCfg = Debug|Any CPU
		{B7514B29-0D32-772B-16EA-A14AEA9E9A9E}.Debug|Any CPU.Build.0 = Debug|Any CPU
		{B7514B29-0D32-772B-16EA-A14AEA9E9A9E}.Release|Any CPU.ActiveCfg = Release|Any CPU
		{B7514B29-0D32-772B-16EA-A14AEA9E9A9E}.Release|Any CPU.Build.0 = Release|Any CPU
		{D3B4C673-3E10-750F-4539-9B2B786ED809}.Debug|Any CPU.ActiveCfg = Debug|Any CPU
		{D3B4C673-3E10-750F-4539-9B2B786ED809}.Debug|Any CPU.Build.0 = Debug|Any CPU
		{D3B4C673-3E10-750F-4539-9B2B786ED809}.Release|Any CPU.ActiveCfg = Release|Any CPU
		{D3B4C673-3E10-750F-4539-9B2B786ED809}.Release|Any CPU.Build.0 = Release|Any CPU
		{4614C80E-193D-C497-36DF-C82BB6C88D64}.Debug|Any CPU.ActiveCfg = Debug|Any CPU
		{4614C80E-193D-C497-36DF-C82BB6C88D64}.Debug|Any CPU.Build.0 = Debug|Any CPU
		{4614C80E-193D-C497-36DF-C82BB6C88D64}.Release|Any CPU.ActiveCfg = Release|Any CPU
		{4614C80E-193D-C497-36DF-C82BB6C88D64}.Release|Any CPU.Build.0 = Release|Any CPU
		{3135C0C5-00AC-2693-1C01-707BCAF01C41}.Debug|Any CPU.ActiveCfg = Debug|Any CPU
		{3135C0C5-00AC-2693-1C01-707BCAF01C41}.Debug|Any CPU.Build.0 = Debug|Any CPU
		{3135C0C5-00AC-2693-1C01-707BCAF01C41}.Release|Any CPU.ActiveCfg = Release|Any CPU
		{3135C0C5-00AC-2693-1C01-707BCAF01C41}.Release|Any CPU.Build.0 = Release|Any CPU
		{6066E543-6188-A440-E372-875A7F02E00F}.Debug|Any CPU.ActiveCfg = Debug|Any CPU
		{6066E543-6188-A440-E372-875A7F02E00F}.Debug|Any CPU.Build.0 = Debug|Any CPU
		{6066E543-6188-A440-E372-875A7F02E00F}.Release|Any CPU.ActiveCfg = Release|Any CPU
		{6066E543-6188-A440-E372-875A7F02E00F}.Release|Any CPU.Build.0 = Release|Any CPU
		{102AD49C-08AB-2A1A-E90B-57D8634AE748}.Debug|Any CPU.ActiveCfg = Debug|Any CPU
		{102AD49C-08AB-2A1A-E90B-57D8634AE748}.Debug|Any CPU.Build.0 = Debug|Any CPU
		{102AD49C-08AB-2A1A-E90B-57D8634AE748}.Release|Any CPU.ActiveCfg = Release|Any CPU
		{102AD49C-08AB-2A1A-E90B-57D8634AE748}.Release|Any CPU.Build.0 = Release|Any CPU
	EndGlobalSection
	GlobalSection(SolutionProperties) = preSolution
		HideSolutionNode = FALSE
	EndGlobalSection
	GlobalSection(MonoDevelopProperties) = preSolution
		StartupItem = Assembly-CSharp.csproj
	EndGlobalSection
EndGlobal
